
Microsoft Visual Studio Solution File, Format Version 12.00
# Visual Studio Version 16
VisualStudioVersion = 16.0.33328.57
MinimumVisualStudioVersion = 10.0.40219.1
Project("{FAE04EC0-301F-11D3-BF4B-00C04F79EFBC}") = "2001MicroService", "2001MicroService.csproj", "{F7D4BC5D-5214-437D-9685-95B2346E64CB}"
EndProject
Global
	GlobalSection(SolutionConfigurationPlatforms) = preSolution
		Debug|Any CPU = Debug|Any CPU
		Release|Any CPU = Release|Any CPU
	EndGlobalSection
	GlobalSection(ProjectConfigurationPlatforms) = postSolution
		{F7D4BC5D-5214-437D-9685-95B2346E64CB}.Debug|Any CPU.ActiveCfg = Debug|Any CPU
		{F7D4BC5D-5214-437D-9685-95B2346E64CB}.Debug|Any CPU.Build.0 = Debug|Any CPU
		{F7D4BC5D-5214-437D-9685-95B2346E64CB}.Release|Any CPU.ActiveCfg = Release|Any CPU
		{F7D4BC5D-5214-437D-9685-95B2346E64CB}.Release|Any CPU.Build.0 = Release|Any CPU
	EndGlobalSection
	GlobalSection(SolutionProperties) = preSolution
		HideSolutionNode = FALSE
	EndGlobalSection
	GlobalSection(ExtensibilityGlobals) = postSolution
		SolutionGuid = {F41D4741-411D-4F71-8AF6-A0F86D5DAF86}
	EndGlobalSection
EndGlobal
